
Microsoft Visual Studio Solution File, Format Version 12.00
# Visual Studio Version 17
VisualStudioVersion = 17.13.35931.197 d17.13
MinimumVisualStudioVersion = 10.0.40219.1
Project("{FAE04EC0-301F-11D3-BF4B-00C04F79EFBC}") = "CodeAcademyShop", "CodeAcademyShop\CodeAcademyShop.csproj", "{069FDB18-1A17-452B-BA6A-7FD127FBE89B}"
EndProject
Global
	GlobalSection(SolutionConfigurationPlatforms) = preSolution
		Debug|Any CPU = Debug|Any CPU
		Release|Any CPU = Release|Any CPU
	EndGlobalSection
	GlobalSection(ProjectConfigurationPlatforms) = postSolution
		{069FDB18-1A17-452B-BA6A-7FD127FBE89B}.Debug|Any CPU.ActiveCfg = Debug|Any CPU
		{069FDB18-1A17-452B-BA6A-7FD127FBE89B}.Debug|Any CPU.Build.0 = Debug|Any CPU
		{069FDB18-1A17-452B-BA6A-7FD127FBE89B}.Release|Any CPU.ActiveCfg = Release|Any CPU
		{069FDB18-1A17-452B-BA6A-7FD127FBE89B}.Release|Any CPU.Build.0 = Release|Any CPU
	EndGlobalSection
	GlobalSection(SolutionProperties) = preSolution
		HideSolutionNode = FALSE
	EndGlobalSection
	GlobalSection(ExtensibilityGlobals) = postSolution
		SolutionGuid = {6CCC85A1-6782-419A-A482-BC2B63A5A8BA}
	EndGlobalSection
EndGlobal
